// !$*UTF8*$!
{
	archiveVersion = 1;
	classes = {
	};
	objectVersion = 46;
	objects = {

/* Begin PBXBuildFile section */
		FC08D7DA19F024AD0085D4A9 /* Foundation.framework in Frameworks */ = {isa = PBXBuildFile; fileRef = FC08D7D919F024AD0085D4A9 /* Foundation.framework */; };
		FC08D7DC19F024AD0085D4A9 /* CoreGraphics.framework in Frameworks */ = {isa = PBXBuildFile; fileRef = FC08D7DB19F024AD0085D4A9 /* CoreGraphics.framework */; };
		FC08D7DE19F024AD0085D4A9 /* UIKit.framework in Frameworks */ = {isa = PBXBuildFile; fileRef = FC08D7DD19F024AD0085D4A9 /* UIKit.framework */; };
		FC08D7E419F024AD0085D4A9 /* InfoPlist.strings in Resources */ = {isa = PBXBuildFile; fileRef = FC08D7E219F024AD0085D4A9 /* InfoPlist.strings */; };
		FC08D7E619F024AD0085D4A9 /* main.m in Sources */ = {isa = PBXBuildFile; fileRef = FC08D7E519F024AD0085D4A9 /* main.m */; };
		FC08D7EA19F024AD0085D4A9 /* VentureMainAppDelegate.m in Sources */ = {isa = PBXBuildFile; fileRef = FC08D7E919F024AD0085D4A9 /* VentureMainAppDelegate.m */; };
		FC08D7ED19F024AD0085D4A9 /* Main.storyboard in Resources */ = {isa = PBXBuildFile; fileRef = FC08D7EB19F024AD0085D4A9 /* Main.storyboard */; };
		FC08D7F019F024AD0085D4A9 /* VentureMainViewController.m in Sources */ = {isa = PBXBuildFile; fileRef = FC08D7EF19F024AD0085D4A9 /* VentureMainViewController.m */; };
		FC08D7F919F024AD0085D4A9 /* XCTest.framework in Frameworks */ = {isa = PBXBuildFile; fileRef = FC08D7F819F024AD0085D4A9 /* XCTest.framework */; };
		FC08D7FA19F024AD0085D4A9 /* Foundation.framework in Frameworks */ = {isa = PBXBuildFile; fileRef = FC08D7D919F024AD0085D4A9 /* Foundation.framework */; };
		FC08D7FB19F024AD0085D4A9 /* UIKit.framework in Frameworks */ = {isa = PBXBuildFile; fileRef = FC08D7DD19F024AD0085D4A9 /* UIKit.framework */; };
		FC08D80319F024AD0085D4A9 /* InfoPlist.strings in Resources */ = {isa = PBXBuildFile; fileRef = FC08D80119F024AD0085D4A9 /* InfoPlist.strings */; };
		FC08D80519F024AD0085D4A9 /* VentureTests.m in Sources */ = {isa = PBXBuildFile; fileRef = FC08D80419F024AD0085D4A9 /* VentureTests.m */; };
		FC08D80F19F028040085D4A9 /* Images.xcassets in Resources */ = {isa = PBXBuildFile; fileRef = FC08D80E19F028040085D4A9 /* Images.xcassets */; };
		FC22179F1A1EC0EA00356A70 /* Market.m in Sources */ = {isa = PBXBuildFile; fileRef = FC22179E1A1EC0EA00356A70 /* Market.m */; };
		FC2217A21A1ECC9900356A70 /* Player.m in Sources */ = {isa = PBXBuildFile; fileRef = FC2217A11A1ECC9900356A70 /* Player.m */; };
		FC2217A51A2102F900356A70 /* PortfolioView.m in Sources */ = {isa = PBXBuildFile; fileRef = FC2217A41A2102F900356A70 /* PortfolioView.m */; };
		FC2713B81A33D6260024CEC7 /* MarketTableViewController.m in Sources */ = {isa = PBXBuildFile; fileRef = FC2713B71A33D6260024CEC7 /* MarketTableViewController.m */; };
		FC2713BB1A36822E0024CEC7 /* TilePaletteView.m in Sources */ = {isa = PBXBuildFile; fileRef = FC2713BA1A36822E0024CEC7 /* TilePaletteView.m */; };
		FC2A19A019F99B78009A52C0 /* MainMenuButton.m in Sources */ = {isa = PBXBuildFile; fileRef = FC2A199F19F99B78009A52C0 /* MainMenuButton.m */; };
		FC2A19A319F9B42C009A52C0 /* GameViewController.m in Sources */ = {isa = PBXBuildFile; fileRef = FC2A19A219F9B42C009A52C0 /* GameViewController.m */; };
		FC2A19A619F9B8A5009A52C0 /* Grid.m in Sources */ = {isa = PBXBuildFile; fileRef = FC2A19A519F9B8A5009A52C0 /* Grid.m */; };
		FC2A19A919F9B8D7009A52C0 /* TileView.m in Sources */ = {isa = PBXBuildFile; fileRef = FC2A19A819F9B8D7009A52C0 /* TileView.m */; };
		FC2C16101A02FEC800618EE7 /* Game.m in Sources */ = {isa = PBXBuildFile; fileRef = FC2C160F1A02FEC800618EE7 /* Game.m */; };
		FC2C16141A02FFC700618EE7 /* PlacementTile.m in Sources */ = {isa = PBXBuildFile; fileRef = FC2C16131A02FFC700618EE7 /* PlacementTile.m */; };
		FC2C16171A03FCF200618EE7 /* PlacementTileBox.m in Sources */ = {isa = PBXBuildFile; fileRef = FC2C16161A03FCF200618EE7 /* PlacementTileBox.m */; };
		FC99CBD61A0DAA5D00F38284 /* GameBoardTile.m in Sources */ = {isa = PBXBuildFile; fileRef = FC99CBD51A0DAA5D00F38284 /* GameBoardTile.m */; };
		FC99CBD91A0DACC200F38284 /* GameBoard.m in Sources */ = {isa = PBXBuildFile; fileRef = FC99CBD81A0DACC200F38284 /* GameBoard.m */; };
		FC99CBDF1A0DB2A500F38284 /* GameBoardTileView.m in Sources */ = {isa = PBXBuildFile; fileRef = FC99CBDE1A0DB2A500F38284 /* GameBoardTileView.m */; };
		FCD3A5061A43DDE500281E4E /* MarketViewController.m in Sources */ = {isa = PBXBuildFile; fileRef = FCD3A5051A43DDE500281E4E /* MarketViewController.m */; };
/* End PBXBuildFile section */

/* Begin PBXContainerItemProxy section */
		FC08D7FC19F024AD0085D4A9 /* PBXContainerItemProxy */ = {
			isa = PBXContainerItemProxy;
			containerPortal = FC08D7CE19F024AD0085D4A9 /* Project object */;
			proxyType = 1;
			remoteGlobalIDString = FC08D7D519F024AD0085D4A9;
			remoteInfo = Venture;
		};
/* End PBXContainerItemProxy section */

/* Begin PBXFileReference section */
		FC08D7D619F024AD0085D4A9 /* Venture.app */ = {isa = PBXFileReference; explicitFileType = wrapper.application; includeInIndex = 0; path = Venture.app; sourceTree = BUILT_PRODUCTS_DIR; };
		FC08D7D919F024AD0085D4A9 /* Foundation.framework */ = {isa = PBXFileReference; lastKnownFileType = wrapper.framework; name = Foundation.framework; path = System/Library/Frameworks/Foundation.framework; sourceTree = SDKROOT; };
		FC08D7DB19F024AD0085D4A9 /* CoreGraphics.framework */ = {isa = PBXFileReference; lastKnownFileType = wrapper.framework; name = CoreGraphics.framework; path = System/Library/Frameworks/CoreGraphics.framework; sourceTree = SDKROOT; };
		FC08D7DD19F024AD0085D4A9 /* UIKit.framework */ = {isa = PBXFileReference; lastKnownFileType = wrapper.framework; name = UIKit.framework; path = System/Library/Frameworks/UIKit.framework; sourceTree = SDKROOT; };
		FC08D7E119F024AD0085D4A9 /* Venture-Info.plist */ = {isa = PBXFileReference; lastKnownFileType = text.plist.xml; path = "Venture-Info.plist"; sourceTree = "<group>"; };
		FC08D7E319F024AD0085D4A9 /* en */ = {isa = PBXFileReference; lastKnownFileType = text.plist.strings; name = en; path = en.lproj/InfoPlist.strings; sourceTree = "<group>"; };
		FC08D7E519F024AD0085D4A9 /* main.m */ = {isa = PBXFileReference; lastKnownFileType = sourcecode.c.objc; path = main.m; sourceTree = "<group>"; };
		FC08D7E719F024AD0085D4A9 /* Venture-Prefix.pch */ = {isa = PBXFileReference; lastKnownFileType = sourcecode.c.h; path = "Venture-Prefix.pch"; sourceTree = "<group>"; };
		FC08D7E819F024AD0085D4A9 /* VentureMainAppDelegate.h */ = {isa = PBXFileReference; lastKnownFileType = sourcecode.c.h; path = VentureMainAppDelegate.h; sourceTree = "<group>"; };
		FC08D7E919F024AD0085D4A9 /* VentureMainAppDelegate.m */ = {isa = PBXFileReference; lastKnownFileType = sourcecode.c.objc; path = VentureMainAppDelegate.m; sourceTree = "<group>"; };
		FC08D7EC19F024AD0085D4A9 /* Base */ = {isa = PBXFileReference; lastKnownFileType = file.storyboard; name = Base; path = Base.lproj/Main.storyboard; sourceTree = "<group>"; };
		FC08D7EE19F024AD0085D4A9 /* VentureMainViewController.h */ = {isa = PBXFileReference; lastKnownFileType = sourcecode.c.h; path = VentureMainViewController.h; sourceTree = "<group>"; };
		FC08D7EF19F024AD0085D4A9 /* VentureMainViewController.m */ = {isa = PBXFileReference; lastKnownFileType = sourcecode.c.objc; path = VentureMainViewController.m; sourceTree = "<group>"; };
		FC08D7F719F024AD0085D4A9 /* VentureTests.xctest */ = {isa = PBXFileReference; explicitFileType = wrapper.cfbundle; includeInIndex = 0; path = VentureTests.xctest; sourceTree = BUILT_PRODUCTS_DIR; };
		FC08D7F819F024AD0085D4A9 /* XCTest.framework */ = {isa = PBXFileReference; lastKnownFileType = wrapper.framework; name = XCTest.framework; path = Library/Frameworks/XCTest.framework; sourceTree = DEVELOPER_DIR; };
		FC08D80019F024AD0085D4A9 /* VentureTests-Info.plist */ = {isa = PBXFileReference; lastKnownFileType = text.plist.xml; path = "VentureTests-Info.plist"; sourceTree = "<group>"; };
		FC08D80219F024AD0085D4A9 /* en */ = {isa = PBXFileReference; lastKnownFileType = text.plist.strings; name = en; path = en.lproj/InfoPlist.strings; sourceTree = "<group>"; };
		FC08D80419F024AD0085D4A9 /* VentureTests.m */ = {isa = PBXFileReference; lastKnownFileType = sourcecode.c.objc; path = VentureTests.m; sourceTree = "<group>"; };
		FC08D80E19F028040085D4A9 /* Images.xcassets */ = {isa = PBXFileReference; lastKnownFileType = folder.assetcatalog; path = Images.xcassets; sourceTree = "<group>"; };
		FC22179D1A1EC0EA00356A70 /* Market.h */ = {isa = PBXFileReference; fileEncoding = 4; lastKnownFileType = sourcecode.c.h; path = Market.h; sourceTree = "<group>"; };
		FC22179E1A1EC0EA00356A70 /* Market.m */ = {isa = PBXFileReference; fileEncoding = 4; lastKnownFileType = sourcecode.c.objc; path = Market.m; sourceTree = "<group>"; };
		FC2217A01A1ECC9900356A70 /* Player.h */ = {isa = PBXFileReference; fileEncoding = 4; lastKnownFileType = sourcecode.c.h; path = Player.h; sourceTree = "<group>"; };
		FC2217A11A1ECC9900356A70 /* Player.m */ = {isa = PBXFileReference; fileEncoding = 4; lastKnownFileType = sourcecode.c.objc; path = Player.m; sourceTree = "<group>"; };
		FC2217A31A2102F900356A70 /* PortfolioView.h */ = {isa = PBXFileReference; fileEncoding = 4; lastKnownFileType = sourcecode.c.h; path = PortfolioView.h; sourceTree = "<group>"; };
		FC2217A41A2102F900356A70 /* PortfolioView.m */ = {isa = PBXFileReference; fileEncoding = 4; lastKnownFileType = sourcecode.c.objc; path = PortfolioView.m; sourceTree = "<group>"; };
		FC2713B61A33D6260024CEC7 /* MarketTableViewController.h */ = {isa = PBXFileReference; fileEncoding = 4; lastKnownFileType = sourcecode.c.h; path = MarketTableViewController.h; sourceTree = "<group>"; };
		FC2713B71A33D6260024CEC7 /* MarketTableViewController.m */ = {isa = PBXFileReference; fileEncoding = 4; lastKnownFileType = sourcecode.c.objc; path = MarketTableViewController.m; sourceTree = "<group>"; };
		FC2713B91A36822D0024CEC7 /* TilePaletteView.h */ = {isa = PBXFileReference; fileEncoding = 4; lastKnownFileType = sourcecode.c.h; path = TilePaletteView.h; sourceTree = "<group>"; };
		FC2713BA1A36822E0024CEC7 /* TilePaletteView.m */ = {isa = PBXFileReference; fileEncoding = 4; lastKnownFileType = sourcecode.c.objc; path = TilePaletteView.m; sourceTree = "<group>"; };
		FC2A199E19F99B78009A52C0 /* MainMenuButton.h */ = {isa = PBXFileReference; fileEncoding = 4; lastKnownFileType = sourcecode.c.h; path = MainMenuButton.h; sourceTree = "<group>"; };
		FC2A199F19F99B78009A52C0 /* MainMenuButton.m */ = {isa = PBXFileReference; fileEncoding = 4; lastKnownFileType = sourcecode.c.objc; path = MainMenuButton.m; sourceTree = "<group>"; };
		FC2A19A119F9B42C009A52C0 /* GameViewController.h */ = {isa = PBXFileReference; fileEncoding = 4; lastKnownFileType = sourcecode.c.h; path = GameViewController.h; sourceTree = "<group>"; };
		FC2A19A219F9B42C009A52C0 /* GameViewController.m */ = {isa = PBXFileReference; fileEncoding = 4; lastKnownFileType = sourcecode.c.objc; path = GameViewController.m; sourceTree = "<group>"; };
		FC2A19A419F9B8A5009A52C0 /* Grid.h */ = {isa = PBXFileReference; fileEncoding = 4; lastKnownFileType = sourcecode.c.h; path = Grid.h; sourceTree = "<group>"; };
		FC2A19A519F9B8A5009A52C0 /* Grid.m */ = {isa = PBXFileReference; fileEncoding = 4; lastKnownFileType = sourcecode.c.objc; path = Grid.m; sourceTree = "<group>"; };
		FC2A19A719F9B8D7009A52C0 /* TileView.h */ = {isa = PBXFileReference; fileEncoding = 4; lastKnownFileType = sourcecode.c.h; path = TileView.h; sourceTree = "<group>"; };
		FC2A19A819F9B8D7009A52C0 /* TileView.m */ = {isa = PBXFileReference; fileEncoding = 4; lastKnownFileType = sourcecode.c.objc; path = TileView.m; sourceTree = "<group>"; };
		FC2C160E1A02FEC800618EE7 /* Game.h */ = {isa = PBXFileReference; fileEncoding = 4; lastKnownFileType = sourcecode.c.h; path = Game.h; sourceTree = "<group>"; };
		FC2C160F1A02FEC800618EE7 /* Game.m */ = {isa = PBXFileReference; fileEncoding = 4; lastKnownFileType = sourcecode.c.objc; path = Game.m; sourceTree = "<group>"; };
		FC2C16121A02FFC700618EE7 /* PlacementTile.h */ = {isa = PBXFileReference; fileEncoding = 4; lastKnownFileType = sourcecode.c.h; path = PlacementTile.h; sourceTree = "<group>"; };
		FC2C16131A02FFC700618EE7 /* PlacementTile.m */ = {isa = PBXFileReference; fileEncoding = 4; lastKnownFileType = sourcecode.c.objc; path = PlacementTile.m; sourceTree = "<group>"; };
		FC2C16151A03FCF200618EE7 /* PlacementTileBox.h */ = {isa = PBXFileReference; fileEncoding = 4; lastKnownFileType = sourcecode.c.h; path = PlacementTileBox.h; sourceTree = "<group>"; };
		FC2C16161A03FCF200618EE7 /* PlacementTileBox.m */ = {isa = PBXFileReference; fileEncoding = 4; lastKnownFileType = sourcecode.c.objc; path = PlacementTileBox.m; sourceTree = "<group>"; };
		FC99CBD41A0DAA5D00F38284 /* GameBoardTile.h */ = {isa = PBXFileReference; fileEncoding = 4; lastKnownFileType = sourcecode.c.h; path = GameBoardTile.h; sourceTree = "<group>"; };
		FC99CBD51A0DAA5D00F38284 /* GameBoardTile.m */ = {isa = PBXFileReference; fileEncoding = 4; lastKnownFileType = sourcecode.c.objc; path = GameBoardTile.m; sourceTree = "<group>"; };
		FC99CBD71A0DACC200F38284 /* GameBoard.h */ = {isa = PBXFileReference; fileEncoding = 4; lastKnownFileType = sourcecode.c.h; path = GameBoard.h; sourceTree = "<group>"; };
		FC99CBD81A0DACC200F38284 /* GameBoard.m */ = {isa = PBXFileReference; fileEncoding = 4; lastKnownFileType = sourcecode.c.objc; path = GameBoard.m; sourceTree = "<group>"; };
		FC99CBDD1A0DB2A500F38284 /* GameBoardTileView.h */ = {isa = PBXFileReference; fileEncoding = 4; lastKnownFileType = sourcecode.c.h; name = GameBoardTileView.h; path = ../GameBoardTileView.h; sourceTree = "<group>"; };
		FC99CBDE1A0DB2A500F38284 /* GameBoardTileView.m */ = {isa = PBXFileReference; fileEncoding = 4; lastKnownFileType = sourcecode.c.objc; name = GameBoardTileView.m; path = ../GameBoardTileView.m; sourceTree = "<group>"; };
		FCD3A5041A43DDE500281E4E /* MarketViewController.h */ = {isa = PBXFileReference; fileEncoding = 4; lastKnownFileType = sourcecode.c.h; path = MarketViewController.h; sourceTree = "<group>"; };
		FCD3A5051A43DDE500281E4E /* MarketViewController.m */ = {isa = PBXFileReference; fileEncoding = 4; lastKnownFileType = sourcecode.c.objc; path = MarketViewController.m; sourceTree = "<group>"; };
/* End PBXFileReference section */

/* Begin PBXFrameworksBuildPhase section */
		FC08D7D319F024AD0085D4A9 /* Frameworks */ = {
			isa = PBXFrameworksBuildPhase;
			buildActionMask = 2147483647;
			files = (
				FC08D7DC19F024AD0085D4A9 /* CoreGraphics.framework in Frameworks */,
				FC08D7DE19F024AD0085D4A9 /* UIKit.framework in Frameworks */,
				FC08D7DA19F024AD0085D4A9 /* Foundation.framework in Frameworks */,
			);
			runOnlyForDeploymentPostprocessing = 0;
		};
		FC08D7F419F024AD0085D4A9 /* Frameworks */ = {
			isa = PBXFrameworksBuildPhase;
			buildActionMask = 2147483647;
			files = (
				FC08D7F919F024AD0085D4A9 /* XCTest.framework in Frameworks */,
				FC08D7FB19F024AD0085D4A9 /* UIKit.framework in Frameworks */,
				FC08D7FA19F024AD0085D4A9 /* Foundation.framework in Frameworks */,
			);
			runOnlyForDeploymentPostprocessing = 0;
		};
/* End PBXFrameworksBuildPhase section */

/* Begin PBXGroup section */
		FC08D7CD19F024AD0085D4A9 = {
			isa = PBXGroup;
			children = (
				FC08D7DF19F024AD0085D4A9 /* Venture */,
				FC08D7FE19F024AD0085D4A9 /* VentureTests */,
				FC08D7D819F024AD0085D4A9 /* Frameworks */,
				FC08D7D719F024AD0085D4A9 /* Products */,
			);
			sourceTree = "<group>";
		};
		FC08D7D719F024AD0085D4A9 /* Products */ = {
			isa = PBXGroup;
			children = (
				FC08D7D619F024AD0085D4A9 /* Venture.app */,
				FC08D7F719F024AD0085D4A9 /* VentureTests.xctest */,
			);
			name = Products;
			sourceTree = "<group>";
		};
		FC08D7D819F024AD0085D4A9 /* Frameworks */ = {
			isa = PBXGroup;
			children = (
				FC08D7D919F024AD0085D4A9 /* Foundation.framework */,
				FC08D7DB19F024AD0085D4A9 /* CoreGraphics.framework */,
				FC08D7DD19F024AD0085D4A9 /* UIKit.framework */,
				FC08D7F819F024AD0085D4A9 /* XCTest.framework */,
			);
			name = Frameworks;
			sourceTree = "<group>";
		};
		FC08D7DF19F024AD0085D4A9 /* Venture */ = {
			isa = PBXGroup;
			children = (
				FC08D7EB19F024AD0085D4A9 /* Main.storyboard */,
				FC2713B61A33D6260024CEC7 /* MarketTableViewController.h */,
				FCD3A5041A43DDE500281E4E /* MarketViewController.h */,
				FCD3A5051A43DDE500281E4E /* MarketViewController.m */,
				FC2713B71A33D6260024CEC7 /* MarketTableViewController.m */,
				FC2713BA1A36822E0024CEC7 /* TilePaletteView.m */,
				FC2A19A219F9B42C009A52C0 /* GameViewController.m */,
				FC2713B91A36822D0024CEC7 /* TilePaletteView.h */,
				FC2A19A119F9B42C009A52C0 /* GameViewController.h */,
				FC2217A31A2102F900356A70 /* PortfolioView.h */,
				FC2217A41A2102F900356A70 /* PortfolioView.m */,
				FC99CBDD1A0DB2A500F38284 /* GameBoardTileView.h */,
				FC99CBDE1A0DB2A500F38284 /* GameBoardTileView.m */,
				FC2A19A719F9B8D7009A52C0 /* TileView.h */,
				FC2A19A819F9B8D7009A52C0 /* TileView.m */,
				FCCA48AF1A0EBE6600539881 /* Menu MVC */,
				FC2C16111A02FECF00618EE7 /* Model */,
				FC08D80E19F028040085D4A9 /* Images.xcassets */,
				FC08D7E019F024AD0085D4A9 /* Supporting Files */,
			);
			path = Venture;
			sourceTree = "<group>";
		};
		FC08D7E019F024AD0085D4A9 /* Supporting Files */ = {
			isa = PBXGroup;
			children = (
				FC2A19A419F9B8A5009A52C0 /* Grid.h */,
				FC2A19A519F9B8A5009A52C0 /* Grid.m */,
				FC08D7E919F024AD0085D4A9 /* VentureMainAppDelegate.m */,
				FC08D7E819F024AD0085D4A9 /* VentureMainAppDelegate.h */,
				FC08D7E119F024AD0085D4A9 /* Venture-Info.plist */,
				FC08D7E219F024AD0085D4A9 /* InfoPlist.strings */,
				FC08D7E519F024AD0085D4A9 /* main.m */,
				FC08D7E719F024AD0085D4A9 /* Venture-Prefix.pch */,
			);
			name = "Supporting Files";
			sourceTree = "<group>";
		};
		FC08D7FE19F024AD0085D4A9 /* VentureTests */ = {
			isa = PBXGroup;
			children = (
				FC08D80419F024AD0085D4A9 /* VentureTests.m */,
				FC08D7FF19F024AD0085D4A9 /* Supporting Files */,
			);
			path = VentureTests;
			sourceTree = "<group>";
		};
		FC08D7FF19F024AD0085D4A9 /* Supporting Files */ = {
			isa = PBXGroup;
			children = (
				FC08D80019F024AD0085D4A9 /* VentureTests-Info.plist */,
				FC08D80119F024AD0085D4A9 /* InfoPlist.strings */,
			);
			name = "Supporting Files";
			sourceTree = "<group>";
		};
		FC2C16111A02FECF00618EE7 /* Model */ = {
			isa = PBXGroup;
			children = (
				FC2C16151A03FCF200618EE7 /* PlacementTileBox.h */,
				FC2C16161A03FCF200618EE7 /* PlacementTileBox.m */,
				FC2C160E1A02FEC800618EE7 /* Game.h */,
				FC2C160F1A02FEC800618EE7 /* Game.m */,
				FC22179D1A1EC0EA00356A70 /* Market.h */,
				FC22179E1A1EC0EA00356A70 /* Market.m */,
				FC2217A01A1ECC9900356A70 /* Player.h */,
				FC2217A11A1ECC9900356A70 /* Player.m */,
				FC99CBD71A0DACC200F38284 /* GameBoard.h */,
				FC99CBD81A0DACC200F38284 /* GameBoard.m */,
				FC99CBD41A0DAA5D00F38284 /* GameBoardTile.h */,
				FC99CBD51A0DAA5D00F38284 /* GameBoardTile.m */,
				FC2C16121A02FFC700618EE7 /* PlacementTile.h */,
				FC2C16131A02FFC700618EE7 /* PlacementTile.m */,
			);
			name = Model;
			sourceTree = "<group>";
		};
		FCCA48AF1A0EBE6600539881 /* Menu MVC */ = {
			isa = PBXGroup;
			children = (
				FC08D7EE19F024AD0085D4A9 /* VentureMainViewController.h */,
				FC08D7EF19F024AD0085D4A9 /* VentureMainViewController.m */,
				FC2A199F19F99B78009A52C0 /* MainMenuButton.m */,
				FC2A199E19F99B78009A52C0 /* MainMenuButton.h */,
			);
			name = "Menu MVC";
			sourceTree = "<group>";
		};
/* End PBXGroup section */

/* Begin PBXNativeTarget section */
		FC08D7D519F024AD0085D4A9 /* Venture */ = {
			isa = PBXNativeTarget;
			buildConfigurationList = FC08D80819F024AD0085D4A9 /* Build configuration list for PBXNativeTarget "Venture" */;
			buildPhases = (
				FC08D7D219F024AD0085D4A9 /* Sources */,
				FC08D7D319F024AD0085D4A9 /* Frameworks */,
				FC08D7D419F024AD0085D4A9 /* Resources */,
			);
			buildRules = (
			);
			dependencies = (
			);
			name = Venture;
			productName = Venture;
			productReference = FC08D7D619F024AD0085D4A9 /* Venture.app */;
			productType = "com.apple.product-type.application";
		};
		FC08D7F619F024AD0085D4A9 /* VentureTests */ = {
			isa = PBXNativeTarget;
			buildConfigurationList = FC08D80B19F024AD0085D4A9 /* Build configuration list for PBXNativeTarget "VentureTests" */;
			buildPhases = (
				FC08D7F319F024AD0085D4A9 /* Sources */,
				FC08D7F419F024AD0085D4A9 /* Frameworks */,
				FC08D7F519F024AD0085D4A9 /* Resources */,
			);
			buildRules = (
			);
			dependencies = (
				FC08D7FD19F024AD0085D4A9 /* PBXTargetDependency */,
			);
			name = VentureTests;
			productName = VentureTests;
			productReference = FC08D7F719F024AD0085D4A9 /* VentureTests.xctest */;
			productType = "com.apple.product-type.bundle.unit-test";
		};
/* End PBXNativeTarget section */

/* Begin PBXProject section */
		FC08D7CE19F024AD0085D4A9 /* Project object */ = {
			isa = PBXProject;
			attributes = {
				CLASSPREFIX = VentureMain;
				LastUpgradeCheck = 0510;
				ORGANIZATIONNAME = "Shiny Mango";
				TargetAttributes = {
					FC08D7D519F024AD0085D4A9 = {
						DevelopmentTeam = DD4LKB53EG;
					};
					FC08D7F619F024AD0085D4A9 = {
						TestTargetID = FC08D7D519F024AD0085D4A9;
					};
				};
			};
			buildConfigurationList = FC08D7D119F024AD0085D4A9 /* Build configuration list for PBXProject "Venture" */;
			compatibilityVersion = "Xcode 3.2";
			developmentRegion = English;
			hasScannedForEncodings = 0;
			knownRegions = (
				en,
				Base,
			);
			mainGroup = FC08D7CD19F024AD0085D4A9;
			productRefGroup = FC08D7D719F024AD0085D4A9 /* Products */;
			projectDirPath = "";
			projectRoot = "";
			targets = (
				FC08D7D519F024AD0085D4A9 /* Venture */,
				FC08D7F619F024AD0085D4A9 /* VentureTests */,
			);
		};
/* End PBXProject section */

/* Begin PBXResourcesBuildPhase section */
		FC08D7D419F024AD0085D4A9 /* Resources */ = {
			isa = PBXResourcesBuildPhase;
			buildActionMask = 2147483647;
			files = (
				FC08D80F19F028040085D4A9 /* Images.xcassets in Resources */,
				FC08D7E419F024AD0085D4A9 /* InfoPlist.strings in Resources */,
				FC08D7ED19F024AD0085D4A9 /* Main.storyboard in Resources */,
			);
			runOnlyForDeploymentPostprocessing = 0;
		};
		FC08D7F519F024AD0085D4A9 /* Resources */ = {
			isa = PBXResourcesBuildPhase;
			buildActionMask = 2147483647;
			files = (
				FC08D80319F024AD0085D4A9 /* InfoPlist.strings in Resources */,
			);
			runOnlyForDeploymentPostprocessing = 0;
		};
/* End PBXResourcesBuildPhase section */

/* Begin PBXSourcesBuildPhase section */
		FC08D7D219F024AD0085D4A9 /* Sources */ = {
			isa = PBXSourcesBuildPhase;
			buildActionMask = 2147483647;
			files = (
				FC2C16101A02FEC800618EE7 /* Game.m in Sources */,
				FC99CBDF1A0DB2A500F38284 /* GameBoardTileView.m in Sources */,
				FCD3A5061A43DDE500281E4E /* MarketViewController.m in Sources */,
				FC2C16171A03FCF200618EE7 /* PlacementTileBox.m in Sources */,
				FC2217A51A2102F900356A70 /* PortfolioView.m in Sources */,
				FC2A19A919F9B8D7009A52C0 /* TileView.m in Sources */,
				FC2217A21A1ECC9900356A70 /* Player.m in Sources */,
				FC2A19A319F9B42C009A52C0 /* GameViewController.m in Sources */,
				FC2A19A619F9B8A5009A52C0 /* Grid.m in Sources */,
				FC99CBD91A0DACC200F38284 /* GameBoard.m in Sources */,
				FC2C16141A02FFC700618EE7 /* PlacementTile.m in Sources */,
				FC08D7E619F024AD0085D4A9 /* main.m in Sources */,
				FC2A19A019F99B78009A52C0 /* MainMenuButton.m in Sources */,
				FC2713BB1A36822E0024CEC7 /* TilePaletteView.m in Sources */,
				FC08D7F019F024AD0085D4A9 /* VentureMainViewController.m in Sources */,
				FC22179F1A1EC0EA00356A70 /* Market.m in Sources */,
				FC99CBD61A0DAA5D00F38284 /* GameBoardTile.m in Sources */,
				FC08D7EA19F024AD0085D4A9 /* VentureMainAppDelegate.m in Sources */,
				FC2713B81A33D6260024CEC7 /* MarketTableViewController.m in Sources */,
			);
			runOnlyForDeploymentPostprocessing = 0;
		};
		FC08D7F319F024AD0085D4A9 /* Sources */ = {
			isa = PBXSourcesBuildPhase;
			buildActionMask = 2147483647;
			files = (
				FC08D80519F024AD0085D4A9 /* VentureTests.m in Sources */,
			);
			runOnlyForDeploymentPostprocessing = 0;
		};
/* End PBXSourcesBuildPhase section */

/* Begin PBXTargetDependency section */
		FC08D7FD19F024AD0085D4A9 /* PBXTargetDependency */ = {
			isa = PBXTargetDependency;
			target = FC08D7D519F024AD0085D4A9 /* Venture */;
			targetProxy = FC08D7FC19F024AD0085D4A9 /* PBXContainerItemProxy */;
		};
/* End PBXTargetDependency section */

/* Begin PBXVariantGroup section */
		FC08D7E219F024AD0085D4A9 /* InfoPlist.strings */ = {
			isa = PBXVariantGroup;
			children = (
				FC08D7E319F024AD0085D4A9 /* en */,
			);
			name = InfoPlist.strings;
			sourceTree = "<group>";
		};
		FC08D7EB19F024AD0085D4A9 /* Main.storyboard */ = {
			isa = PBXVariantGroup;
			children = (
				FC08D7EC19F024AD0085D4A9 /* Base */,
			);
			name = Main.storyboard;
			sourceTree = "<group>";
		};
		FC08D80119F024AD0085D4A9 /* InfoPlist.strings */ = {
			isa = PBXVariantGroup;
			children = (
				FC08D80219F024AD0085D4A9 /* en */,
			);
			name = InfoPlist.strings;
			sourceTree = "<group>";
		};
/* End PBXVariantGroup section */

/* Begin XCBuildConfiguration section */
		FC08D80619F024AD0085D4A9 /* Debug */ = {
			isa = XCBuildConfiguration;
			buildSettings = {
				ALWAYS_SEARCH_USER_PATHS = NO;
				CLANG_CXX_LANGUAGE_STANDARD = "gnu++0x";
				CLANG_CXX_LIBRARY = "libc++";
				CLANG_ENABLE_MODULES = YES;
				CLANG_ENABLE_OBJC_ARC = YES;
				CLANG_WARN_BOOL_CONVERSION = YES;
				CLANG_WARN_CONSTANT_CONVERSION = YES;
				CLANG_WARN_DIRECT_OBJC_ISA_USAGE = YES_ERROR;
				CLANG_WARN_EMPTY_BODY = YES;
				CLANG_WARN_ENUM_CONVERSION = YES;
				CLANG_WARN_INT_CONVERSION = YES;
				CLANG_WARN_OBJC_ROOT_CLASS = YES_ERROR;
				CLANG_WARN__DUPLICATE_METHOD_MATCH = YES;
				"CODE_SIGN_IDENTITY[sdk=iphoneos*]" = "iPhone Developer";
				COPY_PHASE_STRIP = NO;
				GCC_C_LANGUAGE_STANDARD = gnu99;
				GCC_DYNAMIC_NO_PIC = NO;
				GCC_OPTIMIZATION_LEVEL = 0;
				GCC_PREPROCESSOR_DEFINITIONS = (
					"DEBUG=1",
					"$(inherited)",
				);
				GCC_SYMBOLS_PRIVATE_EXTERN = NO;
				GCC_WARN_64_TO_32_BIT_CONVERSION = YES;
				GCC_WARN_ABOUT_RETURN_TYPE = YES_ERROR;
				GCC_WARN_UNDECLARED_SELECTOR = YES;
				GCC_WARN_UNINITIALIZED_AUTOS = YES_AGGRESSIVE;
				GCC_WARN_UNUSED_FUNCTION = YES;
				GCC_WARN_UNUSED_VARIABLE = YES;
				IPHONEOS_DEPLOYMENT_TARGET = 7.1;
				ONLY_ACTIVE_ARCH = YES;
				SDKROOT = iphoneos;
			};
			name = Debug;
		};
		FC08D80719F024AD0085D4A9 /* Release */ = {
			isa = XCBuildConfiguration;
			buildSettings = {
				ALWAYS_SEARCH_USER_PATHS = NO;
				CLANG_CXX_LANGUAGE_STANDARD = "gnu++0x";
				CLANG_CXX_LIBRARY = "libc++";
				CLANG_ENABLE_MODULES = YES;
				CLANG_ENABLE_OBJC_ARC = YES;
				CLANG_WARN_BOOL_CONVERSION = YES;
				CLANG_WARN_CONSTANT_CONVERSION = YES;
				CLANG_WARN_DIRECT_OBJC_ISA_USAGE = YES_ERROR;
				CLANG_WARN_EMPTY_BODY = YES;
				CLANG_WARN_ENUM_CONVERSION = YES;
				CLANG_WARN_INT_CONVERSION = YES;
				CLANG_WARN_OBJC_ROOT_CLASS = YES_ERROR;
				CLANG_WARN__DUPLICATE_METHOD_MATCH = YES;
				"CODE_SIGN_IDENTITY[sdk=iphoneos*]" = "iPhone Developer";
				COPY_PHASE_STRIP = YES;
				ENABLE_NS_ASSERTIONS = NO;
				GCC_C_LANGUAGE_STANDARD = gnu99;
				GCC_WARN_64_TO_32_BIT_CONVERSION = YES;
				GCC_WARN_ABOUT_RETURN_TYPE = YES_ERROR;
				GCC_WARN_UNDECLARED_SELECTOR = YES;
				GCC_WARN_UNINITIALIZED_AUTOS = YES_AGGRESSIVE;
				GCC_WARN_UNUSED_FUNCTION = YES;
				GCC_WARN_UNUSED_VARIABLE = YES;
				IPHONEOS_DEPLOYMENT_TARGET = 7.1;
				SDKROOT = iphoneos;
				VALIDATE_PRODUCT = YES;
			};
			name = Release;
		};
		FC08D80919F024AD0085D4A9 /* Debug */ = {
			isa = XCBuildConfiguration;
			buildSettings = {
				ASSETCATALOG_COMPILER_APPICON_NAME = AppIcon;
				ASSETCATALOG_COMPILER_LAUNCHIMAGE_NAME = LaunchImage;
				CODE_SIGN_IDENTITY = "iPhone Developer";
				"CODE_SIGN_IDENTITY[sdk=iphoneos*]" = "iPhone Developer";
				GCC_PRECOMPILE_PREFIX_HEADER = YES;
				GCC_PREFIX_HEADER = "Venture/Venture-Prefix.pch";
				INFOPLIST_FILE = "Venture/Venture-Info.plist";
				IPHONEOS_DEPLOYMENT_TARGET = 7.1;
				PRODUCT_NAME = "$(TARGET_NAME)";
				PROVISIONING_PROFILE = "";
				TARGETED_DEVICE_FAMILY = 1;
				WRAPPER_EXTENSION = app;
			};
			name = Debug;
		};
		FC08D80A19F024AD0085D4A9 /* Release */ = {
			isa = XCBuildConfiguration;
			buildSettings = {
				ASSETCATALOG_COMPILER_APPICON_NAME = AppIcon;
				ASSETCATALOG_COMPILER_LAUNCHIMAGE_NAME = LaunchImage;
				CODE_SIGN_IDENTITY = "iPhone Developer";
				"CODE_SIGN_IDENTITY[sdk=iphoneos*]" = "iPhone Developer";
				GCC_PRECOMPILE_PREFIX_HEADER = YES;
				GCC_PREFIX_HEADER = "Venture/Venture-Prefix.pch";
				INFOPLIST_FILE = "Venture/Venture-Info.plist";
				IPHONEOS_DEPLOYMENT_TARGET = 7.1;
				PRODUCT_NAME = "$(TARGET_NAME)";
				PROVISIONING_PROFILE = "";
				TARGETED_DEVICE_FAMILY = 1;
				WRAPPER_EXTENSION = app;
			};
			name = Release;
		};
		FC08D80C19F024AD0085D4A9 /* Debug */ = {
			isa = XCBuildConfiguration;
			buildSettings = {
				BUNDLE_LOADER = "$(BUILT_PRODUCTS_DIR)/Venture.app/Venture";
				FRAMEWORK_SEARCH_PATHS = (
					"$(SDKROOT)/Developer/Library/Frameworks",
					"$(inherited)",
					"$(DEVELOPER_FRAMEWORKS_DIR)",
				);
				GCC_PRECOMPILE_PREFIX_HEADER = YES;
				GCC_PREFIX_HEADER = "Venture/Venture-Prefix.pch";
				GCC_PREPROCESSOR_DEFINITIONS = (
					"DEBUG=1",
					"$(inherited)",
				);
				INFOPLIST_FILE = "VentureTests/VentureTests-Info.plist";
				PRODUCT_NAME = "$(TARGET_NAME)";
				TEST_HOST = "$(BUNDLE_LOADER)";
				WRAPPER_EXTENSION = xctest;
			};
			name = Debug;
		};
		FC08D80D19F024AD0085D4A9 /* Release */ = {
			isa = XCBuildConfiguration;
			buildSettings = {
				BUNDLE_LOADER = "$(BUILT_PRODUCTS_DIR)/Venture.app/Venture";
				FRAMEWORK_SEARCH_PATHS = (
					"$(SDKROOT)/Developer/Library/Frameworks",
					"$(inherited)",
					"$(DEVELOPER_FRAMEWORKS_DIR)",
				);
				GCC_PRECOMPILE_PREFIX_HEADER = YES;
				GCC_PREFIX_HEADER = "Venture/Venture-Prefix.pch";
				INFOPLIST_FILE = "VentureTests/VentureTests-Info.plist";
				PRODUCT_NAME = "$(TARGET_NAME)";
				TEST_HOST = "$(BUNDLE_LOADER)";
				WRAPPER_EXTENSION = xctest;
			};
			name = Release;
		};
/* End XCBuildConfiguration section */

/* Begin XCConfigurationList section */
		FC08D7D119F024AD0085D4A9 /* Build configuration list for PBXProject "Venture" */ = {
			isa = XCConfigurationList;
			buildConfigurations = (
				FC08D80619F024AD0085D4A9 /* Debug */,
				FC08D80719F024AD0085D4A9 /* Release */,
			);
			defaultConfigurationIsVisible = 0;
			defaultConfigurationName = Release;
		};
		FC08D80819F024AD0085D4A9 /* Build configuration list for PBXNativeTarget "Venture" */ = {
			isa = XCConfigurationList;
			buildConfigurations = (
				FC08D80919F024AD0085D4A9 /* Debug */,
				FC08D80A19F024AD0085D4A9 /* Release */,
			);
			defaultConfigurationIsVisible = 0;
			defaultConfigurationName = Release;
		};
		FC08D80B19F024AD0085D4A9 /* Build configuration list for PBXNativeTarget "VentureTests" */ = {
			isa = XCConfigurationList;
			buildConfigurations = (
				FC08D80C19F024AD0085D4A9 /* Debug */,
				FC08D80D19F024AD0085D4A9 /* Release */,
			);
			defaultConfigurationIsVisible = 0;
			defaultConfigurationName = Release;
		};
/* End XCConfigurationList section */
	};
	rootObject = FC08D7CE19F024AD0085D4A9 /* Project object */;
}
